
Microsoft Visual Studio Solution File, Format Version 12.00
# Visual Studio Version 17
VisualStudioVersion = 17.8.34322.80
MinimumVisualStudioVersion = 10.0.40219.1
Project("{FAE04EC0-301F-11D3-BF4B-00C04F79EFBC}") = "MetodosBusqueda_C#", "MetodosBusqueda_C#\MetodosBusqueda_C#.csproj", "{ED792813-FF0F-4C59-BE12-8E984A864B70}"
EndProject
Global
	GlobalSection(SolutionConfigurationPlatforms) = preSolution
		Debug|Any CPU = Debug|Any CPU
		Release|Any CPU = Release|Any CPU
	EndGlobalSection
	GlobalSection(ProjectConfigurationPlatforms) = postSolution
		{ED792813-FF0F-4C59-BE12-8E984A864B70}.Debug|Any CPU.ActiveCfg = Debug|Any CPU
		{ED792813-FF0F-4C59-BE12-8E984A864B70}.Debug|Any CPU.Build.0 = Debug|Any CPU
		{ED792813-FF0F-4C59-BE12-8E984A864B70}.Release|Any CPU.ActiveCfg = Release|Any CPU
		{ED792813-FF0F-4C59-BE12-8E984A864B70}.Release|Any CPU.Build.0 = Release|Any CPU
	EndGlobalSection
	GlobalSection(SolutionProperties) = preSolution
		HideSolutionNode = FALSE
	EndGlobalSection
	GlobalSection(ExtensibilityGlobals) = postSolution
		SolutionGuid = {95AF84F3-C6C6-4A65-B38D-6505F4F9D260}
	EndGlobalSection
EndGlobal
